# Generated for the signed Hormuz OCI linux/amd64 contract.
# Update only through a reviewed dependency-refresh change and re-run the
# reproducibility, SBOM, and vulnerability gates before release.
setuptools==83.0.0 \
    --hash=sha256:29b23c360f22f414dc7336bb39178cc7bcbf6021ed2733cde173f09dba19abb3
